// !$*UTF8*$!
{
	archiveVersion = 1;
	classes = {
	};
	objectVersion = 46;
	objects = {

/* Begin PBXBuildFile section */
		210AEEAC1A62F87A00F75BBD /* AppDelegate.swift in Sources */ = {isa = PBXBuildFile; fileRef = 210AEEAB1A62F87A00F75BBD /* AppDelegate.swift */; };
		210AEEAE1A62F87A00F75BBD /* ViewController.swift in Sources */ = {isa = PBXBuildFile; fileRef = 210AEEAD1A62F87A00F75BBD /* ViewController.swift */; };
		210AEEB11A62F87A00F75BBD /* Main.storyboard in Resources */ = {isa = PBXBuildFile; fileRef = 210AEEAF1A62F87A00F75BBD /* Main.storyboard */; };
		210AEEB31A62F87A00F75BBD /* Images.xcassets in Resources */ = {isa = PBXBuildFile; fileRef = 210AEEB21A62F87A00F75BBD /* Images.xcassets */; };
		210AEEB61A62F87A00F75BBD /* LaunchScreen.xib in Resources */ = {isa = PBXBuildFile; fileRef = 210AEEB41A62F87A00F75BBD /* LaunchScreen.xib */; };
		210AEEC21A62F87A00F75BBD /* TallyTests.swift in Sources */ = {isa = PBXBuildFile; fileRef = 210AEEC11A62F87A00F75BBD /* TallyTests.swift */; };
/* End PBXBuildFile section */

/* Begin PBXContainerItemProxy section */
		210AEEBC1A62F87A00F75BBD /* PBXContainerItemProxy */ = {
			isa = PBXContainerItemProxy;
			containerPortal = 210AEE9E1A62F87A00F75BBD /* Project object */;
			proxyType = 1;
			remoteGlobalIDString = 210AEEA51A62F87A00F75BBD;
			remoteInfo = Tally;
		};
/* End PBXContainerItemProxy section */

/* Begin PBXFileReference section */
		210AEEA61A62F87A00F75BBD /* Tally.app */ = {isa = PBXFileReference; explicitFileType = wrapper.application; includeInIndex = 0; path = Tally.app; sourceTree = BUILT_PRODUCTS_DIR; };
		210AEEAA1A62F87A00F75BBD /* Info.plist */ = {isa = PBXFileReference; lastKnownFileType = text.plist.xml; path = Info.plist; sourceTree = "<group>"; };
		210AEEAB1A62F87A00F75BBD /* AppDelegate.swift */ = {isa = PBXFileReference; lastKnownFileType = sourcecode.swift; path = AppDelegate.swift; sourceTree = "<group>"; };
		210AEEAD1A62F87A00F75BBD /* ViewController.swift */ = {isa = PBXFileReference; lastKnownFileType = sourcecode.swift; path = ViewController.swift; sourceTree = "<group>"; };
		210AEEB01A62F87A00F75BBD /* Base */ = {isa = PBXFileReference; lastKnownFileType = file.storyboard; name = Base; path = Base.lproj/Main.storyboard; sourceTree = "<group>"; };
		210AEEB21A62F87A00F75BBD /* Images.xcassets */ = {isa = PBXFileReference; lastKnownFileType = folder.assetcatalog; path = Images.xcassets; sourceTree = "<group>"; };
		210AEEB51A62F87A00F75BBD /* Base */ = {isa = PBXFileReference; lastKnownFileType = file.xib; name = Base; path = Base.lproj/LaunchScreen.xib; sourceTree = "<group>"; };
		210AEEBB1A62F87A00F75BBD /* TallyTests.xctest */ = {isa = PBXFileReference; explicitFileType = wrapper.cfbundle; includeInIndex = 0; path = TallyTests.xctest; sourceTree = BUILT_PRODUCTS_DIR; };
		210AEEC01A62F87A00F75BBD /* Info.plist */ = {isa = PBXFileReference; lastKnownFileType = text.plist.xml; path = Info.plist; sourceTree = "<group>"; };
		210AEEC11A62F87A00F75BBD /* TallyTests.swift */ = {isa = PBXFileReference; lastKnownFileType = sourcecode.swift; path = TallyTests.swift; sourceTree = "<group>"; };
/* End PBXFileReference section */

/* Begin PBXFrameworksBuildPhase section */
		210AEEA31A62F87A00F75BBD /* Frameworks */ = {
			isa = PBXFrameworksBuildPhase;
			buildActionMask = 2147483647;
			files = (
			);
			runOnlyForDeploymentPostprocessing = 0;
		};
		210AEEB81A62F87A00F75BBD /* Frameworks */ = {
			isa = PBXFrameworksBuildPhase;
			buildActionMask = 2147483647;
			files = (
			);
			runOnlyForDeploymentPostprocessing = 0;
		};
/* End PBXFrameworksBuildPhase section */

/* Begin PBXGroup section */
		210AEE9D1A62F87A00F75BBD = {
			isa = PBXGroup;
			children = (
				210AEEA81A62F87A00F75BBD /* Tally */,
				210AEEBE1A62F87A00F75BBD /* TallyTests */,
				210AEEA71A62F87A00F75BBD /* Products */,
			);
			sourceTree = "<group>";
		};
		210AEEA71A62F87A00F75BBD /* Products */ = {
			isa = PBXGroup;
			children = (
				210AEEA61A62F87A00F75BBD /* Tally.app */,
				210AEEBB1A62F87A00F75BBD /* TallyTests.xctest */,
			);
			name = Products;
			sourceTree = "<group>";
		};
		210AEEA81A62F87A00F75BBD /* Tally */ = {
			isa = PBXGroup;
			children = (
				210AEEAB1A62F87A00F75BBD /* AppDelegate.swift */,
				210AEEAD1A62F87A00F75BBD /* ViewController.swift */,
				210AEEAF1A62F87A00F75BBD /* Main.storyboard */,
				210AEEB21A62F87A00F75BBD /* Images.xcassets */,
				210AEEB41A62F87A00F75BBD /* LaunchScreen.xib */,
				210AEEA91A62F87A00F75BBD /* Supporting Files */,
			);
			path = Tally;
			sourceTree = "<group>";
		};
		210AEEA91A62F87A00F75BBD /* Supporting Files */ = {
			isa = PBXGroup;
			children = (
				210AEEAA1A62F87A00F75BBD /* Info.plist */,
			);
			name = "Supporting Files";
			sourceTree = "<group>";
		};
		210AEEBE1A62F87A00F75BBD /* TallyTests */ = {
			isa = PBXGroup;
			children = (
				210AEEC11A62F87A00F75BBD /* TallyTests.swift */,
				210AEEBF1A62F87A00F75BBD /* Supporting Files */,
			);
			path = TallyTests;
			sourceTree = "<group>";
		};
		210AEEBF1A62F87A00F75BBD /* Supporting Files */ = {
			isa = PBXGroup;
			children = (
				210AEEC01A62F87A00F75BBD /* Info.plist */,
			);
			name = "Supporting Files";
			sourceTree = "<group>";
		};
/* End PBXGroup section */

/* Begin PBXNativeTarget section */
		210AEEA51A62F87A00F75BBD /* Tally */ = {
			isa = PBXNativeTarget;
			buildConfigurationList = 210AEEC51A62F87A00F75BBD /* Build configuration list for PBXNativeTarget "Tally" */;
			buildPhases = (
				210AEEA21A62F87A00F75BBD /* Sources */,
				210AEEA31A62F87A00F75BBD /* Frameworks */,
				210AEEA41A62F87A00F75BBD /* Resources */,
			);
			buildRules = (
			);
			dependencies = (
			);
			name = Tally;
			productName = Tally;
			productReference = 210AEEA61A62F87A00F75BBD /* Tally.app */;
			productType = "com.apple.product-type.application";
		};
		210AEEBA1A62F87A00F75BBD /* TallyTests */ = {
			isa = PBXNativeTarget;
			buildConfigurationList = 210AEEC81A62F87A00F75BBD /* Build configuration list for PBXNativeTarget "TallyTests" */;
			buildPhases = (
				210AEEB71A62F87A00F75BBD /* Sources */,
				210AEEB81A62F87A00F75BBD /* Frameworks */,
				210AEEB91A62F87A00F75BBD /* Resources */,
			);
			buildRules = (
			);
			dependencies = (
				210AEEBD1A62F87A00F75BBD /* PBXTargetDependency */,
			);
			name = TallyTests;
			productName = TallyTests;
			productReference = 210AEEBB1A62F87A00F75BBD /* TallyTests.xctest */;
			productType = "com.apple.product-type.bundle.unit-test";
		};
/* End PBXNativeTarget section */

/* Begin PBXProject section */
		210AEE9E1A62F87A00F75BBD /* Project object */ = {
			isa = PBXProject;
			attributes = {
				LastUpgradeCheck = 0610;
				ORGANIZATIONNAME = "Edwin Rodriguez";
				TargetAttributes = {
					210AEEA51A62F87A00F75BBD = {
						CreatedOnToolsVersion = 6.1.1;
					};
					210AEEBA1A62F87A00F75BBD = {
						CreatedOnToolsVersion = 6.1.1;
						TestTargetID = 210AEEA51A62F87A00F75BBD;
					};
				};
			};
			buildConfigurationList = 210AEEA11A62F87A00F75BBD /* Build configuration list for PBXProject "Tally" */;
			compatibilityVersion = "Xcode 3.2";
			developmentRegion = English;
			hasScannedForEncodings = 0;
			knownRegions = (
				en,
				Base,
			);
			mainGroup = 210AEE9D1A62F87A00F75BBD;
			productRefGroup = 210AEEA71A62F87A00F75BBD /* Products */;
			projectDirPath = "";
			projectRoot = "";
			targets = (
				210AEEA51A62F87A00F75BBD /* Tally */,
				210AEEBA1A62F87A00F75BBD /* TallyTests */,
			);
		};
/* End PBXProject section */

/* Begin PBXResourcesBuildPhase section */
		210AEEA41A62F87A00F75BBD /* Resources */ = {
			isa = PBXResourcesBuildPhase;
			buildActionMask = 2147483647;
			files = (
				210AEEB11A62F87A00F75BBD /* Main.storyboard in Resources */,
				210AEEB61A62F87A00F75BBD /* LaunchScreen.xib in Resources */,
				210AEEB31A62F87A00F75BBD /* Images.xcassets in Resources */,
			);
			runOnlyForDeploymentPostprocessing = 0;
		};
		210AEEB91A62F87A00F75BBD /* Resources */ = {
			isa = PBXResourcesBuildPhase;
			buildActionMask = 2147483647;
			files = (
			);
			runOnlyForDeploymentPostprocessing = 0;
		};
/* End PBXResourcesBuildPhase section */

/* Begin PBXSourcesBuildPhase section */
		210AEEA21A62F87A00F75BBD /* Sources */ = {
			isa = PBXSourcesBuildPhase;
			buildActionMask = 2147483647;
			files = (
				210AEEAE1A62F87A00F75BBD /* ViewController.swift in Sources */,
				210AEEAC1A62F87A00F75BBD /* AppDelegate.swift in Sources */,
			);
			runOnlyForDeploymentPostprocessing = 0;
		};
		210AEEB71A62F87A00F75BBD /* Sources */ = {
			isa = PBXSourcesBuildPhase;
			buildActionMask = 2147483647;
			files = (
				210AEEC21A62F87A00F75BBD /* TallyTests.swift in Sources */,
			);
			runOnlyForDeploymentPostprocessing = 0;
		};
/* End PBXSourcesBuildPhase section */

/* Begin PBXTargetDependency section */
		210AEEBD1A62F87A00F75BBD /* PBXTargetDependency */ = {
			isa = PBXTargetDependency;
			target = 210AEEA51A62F87A00F75BBD /* Tally */;
			targetProxy = 210AEEBC1A62F87A00F75BBD /* PBXContainerItemProxy */;
		};
/* End PBXTargetDependency section */

/* Begin PBXVariantGroup section */
		210AEEAF1A62F87A00F75BBD /* Main.storyboard */ = {
			isa = PBXVariantGroup;
			children = (
				210AEEB01A62F87A00F75BBD /* Base */,
			);
			name = Main.storyboard;
			sourceTree = "<group>";
		};
		210AEEB41A62F87A00F75BBD /* LaunchScreen.xib */ = {
			isa = PBXVariantGroup;
			children = (
				210AEEB51A62F87A00F75BBD /* Base */,
			);
			name = LaunchScreen.xib;
			sourceTree = "<group>";
		};
/* End PBXVariantGroup section */

/* Begin XCBuildConfiguration section */
		210AEEC31A62F87A00F75BBD /* Debug */ = {
			isa = XCBuildConfiguration;
			buildSettings = {
				ALWAYS_SEARCH_USER_PATHS = NO;
				CLANG_CXX_LANGUAGE_STANDARD = "gnu++0x";
				CLANG_CXX_LIBRARY = "libc++";
				CLANG_ENABLE_MODULES = YES;
				CLANG_ENABLE_OBJC_ARC = YES;
				CLANG_WARN_BOOL_CONVERSION = YES;
				CLANG_WARN_CONSTANT_CONVERSION = YES;
				CLANG_WARN_DIRECT_OBJC_ISA_USAGE = YES_ERROR;
				CLANG_WARN_EMPTY_BODY = YES;
				CLANG_WARN_ENUM_CONVERSION = YES;
				CLANG_WARN_INT_CONVERSION = YES;
				CLANG_WARN_OBJC_ROOT_CLASS = YES_ERROR;
				CLANG_WARN_UNREACHABLE_CODE = YES;
				CLANG_WARN__DUPLICATE_METHOD_MATCH = YES;
				"CODE_SIGN_IDENTITY[sdk=iphoneos*]" = "iPhone Developer";
				COPY_PHASE_STRIP = NO;
				ENABLE_STRICT_OBJC_MSGSEND = YES;
				GCC_C_LANGUAGE_STANDARD = gnu99;
				GCC_DYNAMIC_NO_PIC = NO;
				GCC_OPTIMIZATION_LEVEL = 0;
				GCC_PREPROCESSOR_DEFINITIONS = (
					"DEBUG=1",
					"$(inherited)",
				);
				GCC_SYMBOLS_PRIVATE_EXTERN = NO;
				GCC_WARN_64_TO_32_BIT_CONVERSION = YES;
				GCC_WARN_ABOUT_RETURN_TYPE = YES_ERROR;
				GCC_WARN_UNDECLARED_SELECTOR = YES;
				GCC_WARN_UNINITIALIZED_AUTOS = YES_AGGRESSIVE;
				GCC_WARN_UNUSED_FUNCTION = YES;
				GCC_WARN_UNUSED_VARIABLE = YES;
				IPHONEOS_DEPLOYMENT_TARGET = 8.1;
				MTL_ENABLE_DEBUG_INFO = YES;
				ONLY_ACTIVE_ARCH = YES;
				SDKROOT = iphoneos;
				SWIFT_OPTIMIZATION_LEVEL = "-Onone";
			};
			name = Debug;
		};
		210AEEC41A62F87A00F75BBD /* Release */ = {
			isa = XCBuildConfiguration;
			buildSettings = {
				ALWAYS_SEARCH_USER_PATHS = NO;
				CLANG_CXX_LANGUAGE_STANDARD = "gnu++0x";
				CLANG_CXX_LIBRARY = "libc++";
				CLANG_ENABLE_MODULES = YES;
				CLANG_ENABLE_OBJC_ARC = YES;
				CLANG_WARN_BOOL_CONVERSION = YES;
				CLANG_WARN_CONSTANT_CONVERSION = YES;
				CLANG_WARN_DIRECT_OBJC_ISA_USAGE = YES_ERROR;
				CLANG_WARN_EMPTY_BODY = YES;
				CLANG_WARN_ENUM_CONVERSION = YES;
				CLANG_WARN_INT_CONVERSION = YES;
				CLANG_WARN_OBJC_ROOT_CLASS = YES_ERROR;
				CLANG_WARN_UNREACHABLE_CODE = YES;
				CLANG_WARN__DUPLICATE_METHOD_MATCH = YES;
				"CODE_SIGN_IDENTITY[sdk=iphoneos*]" = "iPhone Developer";
				COPY_PHASE_STRIP = YES;
				ENABLE_NS_ASSERTIONS = NO;
				ENABLE_STRICT_OBJC_MSGSEND = YES;
				GCC_C_LANGUAGE_STANDARD = gnu99;
				GCC_WARN_64_TO_32_BIT_CONVERSION = YES;
				GCC_WARN_ABOUT_RETURN_TYPE = YES_ERROR;
				GCC_WARN_UNDECLARED_SELECTOR = YES;
				GCC_WARN_UNINITIALIZED_AUTOS = YES_AGGRESSIVE;
				GCC_WARN_UNUSED_FUNCTION = YES;
				GCC_WARN_UNUSED_VARIABLE = YES;
				IPHONEOS_DEPLOYMENT_TARGET = 8.1;
				MTL_ENABLE_DEBUG_INFO = NO;
				SDKROOT = iphoneos;
				VALIDATE_PRODUCT = YES;
			};
			name = Release;
		};
		210AEEC61A62F87A00F75BBD /* Debug */ = {
			isa = XCBuildConfiguration;
			buildSettings = {
				ASSETCATALOG_COMPILER_APPICON_NAME = AppIcon;
				INFOPLIST_FILE = Tally/Info.plist;
				LD_RUNPATH_SEARCH_PATHS = "$(inherited) @executable_path/Frameworks";
				PRODUCT_NAME = "$(TARGET_NAME)";
			};
			name = Debug;
		};
		210AEEC71A62F87A00F75BBD /* Release */ = {
			isa = XCBuildConfiguration;
			buildSettings = {
				ASSETCATALOG_COMPILER_APPICON_NAME = AppIcon;
				INFOPLIST_FILE = Tally/Info.plist;
				LD_RUNPATH_SEARCH_PATHS = "$(inherited) @executable_path/Frameworks";
				PRODUCT_NAME = "$(TARGET_NAME)";
			};
			name = Release;
		};
		210AEEC91A62F87A00F75BBD /* Debug */ = {
			isa = XCBuildConfiguration;
			buildSettings = {
				BUNDLE_LOADER = "$(TEST_HOST)";
				FRAMEWORK_SEARCH_PATHS = (
					"$(SDKROOT)/Developer/Library/Frameworks",
					"$(inherited)",
				);
				GCC_PREPROCESSOR_DEFINITIONS = (
					"DEBUG=1",
					"$(inherited)",
				);
				INFOPLIST_FILE = TallyTests/Info.plist;
				LD_RUNPATH_SEARCH_PATHS = "$(inherited) @executable_path/Frameworks @loader_path/Frameworks";
				PRODUCT_NAME = "$(TARGET_NAME)";
				TEST_HOST = "$(BUILT_PRODUCTS_DIR)/Tally.app/Tally";
			};
			name = Debug;
		};
		210AEECA1A62F87A00F75BBD /* Release */ = {
			isa = XCBuildConfiguration;
			buildSettings = {
				BUNDLE_LOADER = "$(TEST_HOST)";
				FRAMEWORK_SEARCH_PATHS = (
					"$(SDKROOT)/Developer/Library/Frameworks",
					"$(inherited)",
				);
				INFOPLIST_FILE = TallyTests/Info.plist;
				LD_RUNPATH_SEARCH_PATHS = "$(inherited) @executable_path/Frameworks @loader_path/Frameworks";
				PRODUCT_NAME = "$(TARGET_NAME)";
				TEST_HOST = "$(BUILT_PRODUCTS_DIR)/Tally.app/Tally";
			};
			name = Release;
		};
/* End XCBuildConfiguration section */

/* Begin XCConfigurationList section */
		210AEEA11A62F87A00F75BBD /* Build configuration list for PBXProject "Tally" */ = {
			isa = XCConfigurationList;
			buildConfigurations = (
				210AEEC31A62F87A00F75BBD /* Debug */,
				210AEEC41A62F87A00F75BBD /* Release */,
			);
			defaultConfigurationIsVisible = 0;
			defaultConfigurationName = Release;
		};
		210AEEC51A62F87A00F75BBD /* Build configuration list for PBXNativeTarget "Tally" */ = {
			isa = XCConfigurationList;
			buildConfigurations = (
				210AEEC61A62F87A00F75BBD /* Debug */,
				210AEEC71A62F87A00F75BBD /* Release */,
			);
			defaultConfigurationIsVisible = 0;
		};
		210AEEC81A62F87A00F75BBD /* Build configuration list for PBXNativeTarget "TallyTests" */ = {
			isa = XCConfigurationList;
			buildConfigurations = (
				210AEEC91A62F87A00F75BBD /* Debug */,
				210AEECA1A62F87A00F75BBD /* Release */,
			);
			defaultConfigurationIsVisible = 0;
		};
/* End XCConfigurationList section */
	};
	rootObject = 210AEE9E1A62F87A00F75BBD /* Project object */;
}
